
Microsoft Visual Studio Solution File, Format Version 12.00
# Visual Studio Version 17
VisualStudioVersion = 17.6.33723.286
MinimumVisualStudioVersion = 10.0.40219.1
Project("{FAE04EC0-301F-11D3-BF4B-00C04F79EFBC}") = "PushNotifyPrism", "PushNotifyPrism\PushNotifyPrism\PushNotifyPrism.csproj", "{AE2FD28D-E7E1-47B5-8BBD-54CE16161EFA}"
EndProject
Project("{FAE04EC0-301F-11D3-BF4B-00C04F79EFBC}") = "PushNotifyPrism.Android", "PushNotifyPrism\PushNotifyPrism.Android\PushNotifyPrism.Android.csproj", "{A50C00A9-DD3E-4DB0-B5EA-652E72B1FF15}"
EndProject
Project("{FAE04EC0-301F-11D3-BF4B-00C04F79EFBC}") = "PushNotifyPrism.iOS", "PushNotifyPrism\PushNotifyPrism.iOS\PushNotifyPrism.iOS.csproj", "{CD430137-5E86-44C9-968E-ADE779170332}"
EndProject
Global
	GlobalSection(SolutionConfigurationPlatforms) = preSolution
		Ad-Hoc|Any CPU = Ad-Hoc|Any CPU
		Ad-Hoc|iPhone = Ad-Hoc|iPhone
		Ad-Hoc|iPhoneSimulator = Ad-Hoc|iPhoneSimulator
		AppStore|Any CPU = AppStore|Any CPU
		AppStore|iPhone = AppStore|iPhone
		AppStore|iPhoneSimulator = AppStore|iPhoneSimulator
		Debug|Any CPU = Debug|Any CPU
		Debug|iPhone = Debug|iPhone
		Debug|iPhoneSimulator = Debug|iPhoneSimulator
		Release|Any CPU = Release|Any CPU
		Release|iPhone = Release|iPhone
		Release|iPhoneSimulator = Release|iPhoneSimulator
	EndGlobalSection
	GlobalSection(ProjectConfigurationPlatforms) = postSolution
		{AE2FD28D-E7E1-47B5-8BBD-54CE16161EFA}.Ad-Hoc|Any CPU.ActiveCfg = Debug|Any CPU
		{AE2FD28D-E7E1-47B5-8BBD-54CE16161EFA}.Ad-Hoc|Any CPU.Build.0 = Debug|Any CPU
		{AE2FD28D-E7E1-47B5-8BBD-54CE16161EFA}.Ad-Hoc|iPhone.ActiveCfg = Debug|Any CPU
		{AE2FD28D-E7E1-47B5-8BBD-54CE16161EFA}.Ad-Hoc|iPhone.Build.0 = Debug|Any CPU
		{AE2FD28D-E7E1-47B5-8BBD-54CE16161EFA}.Ad-Hoc|iPhoneSimulator.ActiveCfg = Debug|Any CPU
		{AE2FD28D-E7E1-47B5-8BBD-54CE16161EFA}.Ad-Hoc|iPhoneSimulator.Build.0 = Debug|Any CPU
		{AE2FD28D-E7E1-47B5-8BBD-54CE16161EFA}.AppStore|Any CPU.ActiveCfg = Debug|Any CPU
		{AE2FD28D-E7E1-47B5-8BBD-54CE16161EFA}.AppStore|Any CPU.Build.0 = Debug|Any CPU
		{AE2FD28D-E7E1-47B5-8BBD-54CE16161EFA}.AppStore|iPhone.ActiveCfg = Debug|Any CPU
		{AE2FD28D-E7E1-47B5-8BBD-54CE16161EFA}.AppStore|iPhone.Build.0 = Debug|Any CPU
		{AE2FD28D-E7E1-47B5-8BBD-54CE16161EFA}.AppStore|iPhoneSimulator.ActiveCfg = Debug|Any CPU
		{AE2FD28D-E7E1-47B5-8BBD-54CE16161EFA}.AppStore|iPhoneSimulator.Build.0 = Debug|Any CPU
		{AE2FD28D-E7E1-47B5-8BBD-54CE16161EFA}.Debug|Any CPU.ActiveCfg = Debug|Any CPU
		{AE2FD28D-E7E1-47B5-8BBD-54CE16161EFA}.Debug|Any CPU.Build.0 = Debug|Any CPU
		{AE2FD28D-E7E1-47B5-8BBD-54CE16161EFA}.Debug|iPhone.ActiveCfg = Debug|Any CPU
		{AE2FD28D-E7E1-47B5-8BBD-54CE16161EFA}.Debug|iPhone.Build.0 = Debug|Any CPU
		{AE2FD28D-E7E1-47B5-8BBD-54CE16161EFA}.Debug|iPhoneSimulator.ActiveCfg = Debug|Any CPU
		{AE2FD28D-E7E1-47B5-8BBD-54CE16161EFA}.Debug|iPhoneSimulator.Build.0 = Debug|Any CPU
		{AE2FD28D-E7E1-47B5-8BBD-54CE16161EFA}.Release|Any CPU.ActiveCfg = Release|Any CPU
		{AE2FD28D-E7E1-47B5-8BBD-54CE16161EFA}.Release|Any CPU.Build.0 = Release|Any CPU
		{AE2FD28D-E7E1-47B5-8BBD-54CE16161EFA}.Release|iPhone.ActiveCfg = Release|Any CPU
		{AE2FD28D-E7E1-47B5-8BBD-54CE16161EFA}.Release|iPhone.Build.0 = Release|Any CPU
		{AE2FD28D-E7E1-47B5-8BBD-54CE16161EFA}.Release|iPhoneSimulator.ActiveCfg = Release|Any CPU
		{AE2FD28D-E7E1-47B5-8BBD-54CE16161EFA}.Release|iPhoneSimulator.Build.0 = Release|Any CPU
		{A50C00A9-DD3E-4DB0-B5EA-652E72B1FF15}.Ad-Hoc|Any CPU.ActiveCfg = Debug|Any CPU
		{A50C00A9-DD3E-4DB0-B5EA-652E72B1FF15}.Ad-Hoc|Any CPU.Build.0 = Debug|Any CPU
		{A50C00A9-DD3E-4DB0-B5EA-652E72B1FF15}.Ad-Hoc|Any CPU.Deploy.0 = Debug|Any CPU
		{A50C00A9-DD3E-4DB0-B5EA-652E72B1FF15}.Ad-Hoc|iPhone.ActiveCfg = Debug|Any CPU
		{A50C00A9-DD3E-4DB0-B5EA-652E72B1FF15}.Ad-Hoc|iPhone.Build.0 = Debug|Any CPU
		{A50C00A9-DD3E-4DB0-B5EA-652E72B1FF15}.Ad-Hoc|iPhone.Deploy.0 = Debug|Any CPU
		{A50C00A9-DD3E-4DB0-B5EA-652E72B1FF15}.Ad-Hoc|iPhoneSimulator.ActiveCfg = Debug|Any CPU
		{A50C00A9-DD3E-4DB0-B5EA-652E72B1FF15}.Ad-Hoc|iPhoneSimulator.Build.0 = Debug|Any CPU
		{A50C00A9-DD3E-4DB0-B5EA-652E72B1FF15}.Ad-Hoc|iPhoneSimulator.Deploy.0 = Debug|Any CPU
		{A50C00A9-DD3E-4DB0-B5EA-652E72B1FF15}.AppStore|Any CPU.ActiveCfg = Debug|Any CPU
		{A50C00A9-DD3E-4DB0-B5EA-652E72B1FF15}.AppStore|Any CPU.Build.0 = Debug|Any CPU
		{A50C00A9-DD3E-4DB0-B5EA-652E72B1FF15}.AppStore|Any CPU.Deploy.0 = Debug|Any CPU
		{A50C00A9-DD3E-4DB0-B5EA-652E72B1FF15}.AppStore|iPhone.ActiveCfg = Debug|Any CPU
		{A50C00A9-DD3E-4DB0-B5EA-652E72B1FF15}.AppStore|iPhone.Build.0 = Debug|Any CPU
		{A50C00A9-DD3E-4DB0-B5EA-652E72B1FF15}.AppStore|iPhone.Deploy.0 = Debug|Any CPU
		{A50C00A9-DD3E-4DB0-B5EA-652E72B1FF15}.AppStore|iPhoneSimulator.ActiveCfg = Debug|Any CPU
		{A50C00A9-DD3E-4DB0-B5EA-652E72B1FF15}.AppStore|iPhoneSimulator.Build.0 = Debug|Any CPU
		{A50C00A9-DD3E-4DB0-B5EA-652E72B1FF15}.AppStore|iPhoneSimulator.Deploy.0 = Debug|Any CPU
		{A50C00A9-DD3E-4DB0-B5EA-652E72B1FF15}.Debug|Any CPU.ActiveCfg = Debug|Any CPU
		{A50C00A9-DD3E-4DB0-B5EA-652E72B1FF15}.Debug|Any CPU.Build.0 = Debug|Any CPU
		{A50C00A9-DD3E-4DB0-B5EA-652E72B1FF15}.Debug|Any CPU.Deploy.0 = Debug|Any CPU
		{A50C00A9-DD3E-4DB0-B5EA-652E72B1FF15}.Debug|iPhone.ActiveCfg = Debug|Any CPU
		{A50C00A9-DD3E-4DB0-B5EA-652E72B1FF15}.Debug|iPhone.Build.0 = Debug|Any CPU
		{A50C00A9-DD3E-4DB0-B5EA-652E72B1FF15}.Debug|iPhone.Deploy.0 = Debug|Any CPU
		{A50C00A9-DD3E-4DB0-B5EA-652E72B1FF15}.Debug|iPhoneSimulator.ActiveCfg = Debug|Any CPU
		{A50C00A9-DD3E-4DB0-B5EA-652E72B1FF15}.Debug|iPhoneSimulator.Build.0 = Debug|Any CPU
		{A50C00A9-DD3E-4DB0-B5EA-652E72B1FF15}.Debug|iPhoneSimulator.Deploy.0 = Debug|Any CPU
		{A50C00A9-DD3E-4DB0-B5EA-652E72B1FF15}.Release|Any CPU.ActiveCfg = Release|Any CPU
		{A50C00A9-DD3E-4DB0-B5EA-652E72B1FF15}.Release|Any CPU.Build.0 = Release|Any CPU
		{A50C00A9-DD3E-4DB0-B5EA-652E72B1FF15}.Release|Any CPU.Deploy.0 = Release|Any CPU
		{A50C00A9-DD3E-4DB0-B5EA-652E72B1FF15}.Release|iPhone.ActiveCfg = Release|Any CPU
		{A50C00A9-DD3E-4DB0-B5EA-652E72B1FF15}.Release|iPhone.Build.0 = Release|Any CPU
		{A50C00A9-DD3E-4DB0-B5EA-652E72B1FF15}.Release|iPhone.Deploy.0 = Release|Any CPU
		{A50C00A9-DD3E-4DB0-B5EA-652E72B1FF15}.Release|iPhoneSimulator.ActiveCfg = Release|Any CPU
		{A50C00A9-DD3E-4DB0-B5EA-652E72B1FF15}.Release|iPhoneSimulator.Build.0 = Release|Any CPU
		{A50C00A9-DD3E-4DB0-B5EA-652E72B1FF15}.Release|iPhoneSimulator.Deploy.0 = Release|Any CPU
		{CD430137-5E86-44C9-968E-ADE779170332}.Ad-Hoc|Any CPU.ActiveCfg = Ad-Hoc|iPhoneSimulator
		{CD430137-5E86-44C9-968E-ADE779170332}.Ad-Hoc|Any CPU.Build.0 = Ad-Hoc|iPhoneSimulator
		{CD430137-5E86-44C9-968E-ADE779170332}.Ad-Hoc|iPhone.ActiveCfg = Ad-Hoc|iPhone
		{CD430137-5E86-44C9-968E-ADE779170332}.Ad-Hoc|iPhone.Build.0 = Ad-Hoc|iPhone
		{CD430137-5E86-44C9-968E-ADE779170332}.Ad-Hoc|iPhoneSimulator.ActiveCfg = Ad-Hoc|iPhoneSimulator
		{CD430137-5E86-44C9-968E-ADE779170332}.Ad-Hoc|iPhoneSimulator.Build.0 = Ad-Hoc|iPhoneSimulator
		{CD430137-5E86-44C9-968E-ADE779170332}.AppStore|Any CPU.ActiveCfg = AppStore|iPhoneSimulator
		{CD430137-5E86-44C9-968E-ADE779170332}.AppStore|Any CPU.Build.0 = AppStore|iPhoneSimulator
		{CD430137-5E86-44C9-968E-ADE779170332}.AppStore|iPhone.ActiveCfg = AppStore|iPhone
		{CD430137-5E86-44C9-968E-ADE779170332}.AppStore|iPhone.Build.0 = AppStore|iPhone
		{CD430137-5E86-44C9-968E-ADE779170332}.AppStore|iPhoneSimulator.ActiveCfg = AppStore|iPhoneSimulator
		{CD430137-5E86-44C9-968E-ADE779170332}.AppStore|iPhoneSimulator.Build.0 = AppStore|iPhoneSimulator
		{CD430137-5E86-44C9-968E-ADE779170332}.Debug|Any CPU.ActiveCfg = Debug|iPhoneSimulator
		{CD430137-5E86-44C9-968E-ADE779170332}.Debug|Any CPU.Build.0 = Debug|iPhoneSimulator
		{CD430137-5E86-44C9-968E-ADE779170332}.Debug|iPhone.ActiveCfg = Debug|iPhone
		{CD430137-5E86-44C9-968E-ADE779170332}.Debug|iPhone.Build.0 = Debug|iPhone
		{CD430137-5E86-44C9-968E-ADE779170332}.Debug|iPhoneSimulator.ActiveCfg = Debug|iPhoneSimulator
		{CD430137-5E86-44C9-968E-ADE779170332}.Debug|iPhoneSimulator.Build.0 = Debug|iPhoneSimulator
		{CD430137-5E86-44C9-968E-ADE779170332}.Release|Any CPU.ActiveCfg = Release|iPhoneSimulator
		{CD430137-5E86-44C9-968E-ADE779170332}.Release|Any CPU.Build.0 = Release|iPhoneSimulator
		{CD430137-5E86-44C9-968E-ADE779170332}.Release|iPhone.ActiveCfg = Release|iPhone
		{CD430137-5E86-44C9-968E-ADE779170332}.Release|iPhone.Build.0 = Release|iPhone
		{CD430137-5E86-44C9-968E-ADE779170332}.Release|iPhoneSimulator.ActiveCfg = Release|iPhoneSimulator
		{CD430137-5E86-44C9-968E-ADE779170332}.Release|iPhoneSimulator.Build.0 = Release|iPhoneSimulator
	EndGlobalSection
	GlobalSection(SolutionProperties) = preSolution
		HideSolutionNode = FALSE
	EndGlobalSection
	GlobalSection(ExtensibilityGlobals) = postSolution
		SolutionGuid = {EBA2464A-0EA7-41C6-A66E-266ADE6DA11A}
	EndGlobalSection
EndGlobal
